
Microsoft Visual Studio Solution File, Format Version 12.00
# Visual Studio Version 17
VisualStudioVersion = 17.4.33213.308
MinimumVisualStudioVersion = 10.0.40219.1
Project("{FAE04EC0-301F-11D3-BF4B-00C04F79EFBC}") = "Homework-Prj", "Homework-Prj\Homework-Prj.csproj", "{2F6E811B-E8A0-45F9-A77D-A219F819A5A2}"
EndProject
Project("{FAE04EC0-301F-11D3-BF4B-00C04F79EFBC}") = "SimpleMathLibrary_Net Core 4.8", "SimpleMathLibrary_Net Core 4.8\SimpleMathLibrary_Net Core 4.8.csproj", "{81B14975-E94C-484D-992B-CC73A2ECFA47}"
EndProject
Project("{FAE04EC0-301F-11D3-BF4B-00C04F79EFBC}") = "Console_IO", "Console_IO\Console_IO.csproj", "{7DF4A73A-CEFC-4DA3-AD09-414A9227EEFC}"
EndProject
Global
	GlobalSection(SolutionConfigurationPlatforms) = preSolution
		Debug|Any CPU = Debug|Any CPU
		Release|Any CPU = Release|Any CPU
	EndGlobalSection
	GlobalSection(ProjectConfigurationPlatforms) = postSolution
		{2F6E811B-E8A0-45F9-A77D-A219F819A5A2}.Debug|Any CPU.ActiveCfg = Debug|Any CPU
		{2F6E811B-E8A0-45F9-A77D-A219F819A5A2}.Debug|Any CPU.Build.0 = Debug|Any CPU
		{2F6E811B-E8A0-45F9-A77D-A219F819A5A2}.Release|Any CPU.ActiveCfg = Release|Any CPU
		{2F6E811B-E8A0-45F9-A77D-A219F819A5A2}.Release|Any CPU.Build.0 = Release|Any CPU
		{81B14975-E94C-484D-992B-CC73A2ECFA47}.Debug|Any CPU.ActiveCfg = Debug|Any CPU
		{81B14975-E94C-484D-992B-CC73A2ECFA47}.Debug|Any CPU.Build.0 = Debug|Any CPU
		{81B14975-E94C-484D-992B-CC73A2ECFA47}.Release|Any CPU.ActiveCfg = Release|Any CPU
		{81B14975-E94C-484D-992B-CC73A2ECFA47}.Release|Any CPU.Build.0 = Release|Any CPU
		{7DF4A73A-CEFC-4DA3-AD09-414A9227EEFC}.Debug|Any CPU.ActiveCfg = Debug|Any CPU
		{7DF4A73A-CEFC-4DA3-AD09-414A9227EEFC}.Debug|Any CPU.Build.0 = Debug|Any CPU
		{7DF4A73A-CEFC-4DA3-AD09-414A9227EEFC}.Release|Any CPU.ActiveCfg = Release|Any CPU
		{7DF4A73A-CEFC-4DA3-AD09-414A9227EEFC}.Release|Any CPU.Build.0 = Release|Any CPU
	EndGlobalSection
	GlobalSection(SolutionProperties) = preSolution
		HideSolutionNode = FALSE
	EndGlobalSection
	GlobalSection(ExtensibilityGlobals) = postSolution
		SolutionGuid = {09627F8E-A667-44B5-9ED1-7243169E8505}
	EndGlobalSection
EndGlobal
